{
  "name": "WS3",
  "version": "1.0.0",
  "lockfileVersion": 1,
  "requires": true,
  "dependencies": {
    "ky": {
      "version": "0.16.1",
      "resolved": "https://registry.npmjs.org/ky/-/ky-0.16.1.tgz",
      "integrity": "sha512-olhyGihJ8XOxP8dhdXXDFu1FfowsmkQznI33KNTl4Woa3T/UDBEV/FR8Y8Pe1cJ3ofVnlflcXRUE8a3Phwr3Og=="
    }
  }
}
